// !$*UTF8*$!
{
	archiveVersion = 1;
	classes = {
	};
	objectVersion = 51;
	objects = {

/* Begin PBXBuildFile section */
		4F30236E253B782D00C9810E /* SignupViewController.m in Sources */ = {isa = PBXBuildFile; fileRef = 4F30236D253B782D00C9810E /* SignupViewController.m */; };
		4F3D64E8253E38D4000AA6D7 /* LoginViewController.m in Sources */ = {isa = PBXBuildFile; fileRef = 4F3D64E7253E38D4000AA6D7 /* LoginViewController.m */; };
		4F58860B2538FA5700FDEB48 /* AppDelegate.m in Sources */ = {isa = PBXBuildFile; fileRef = 4F58860A2538FA5700FDEB48 /* AppDelegate.m */; };
		4F58860E2538FA5700FDEB48 /* SceneDelegate.m in Sources */ = {isa = PBXBuildFile; fileRef = 4F58860D2538FA5700FDEB48 /* SceneDelegate.m */; };
		4F5886112538FA5700FDEB48 /* ViewController.m in Sources */ = {isa = PBXBuildFile; fileRef = 4F5886102538FA5700FDEB48 /* ViewController.m */; };
		4F5886142538FA5700FDEB48 /* Main.storyboard in Resources */ = {isa = PBXBuildFile; fileRef = 4F5886122538FA5700FDEB48 /* Main.storyboard */; };
		4F5886162538FA5800FDEB48 /* Assets.xcassets in Resources */ = {isa = PBXBuildFile; fileRef = 4F5886152538FA5800FDEB48 /* Assets.xcassets */; };
		4F5886192538FA5800FDEB48 /* LaunchScreen.storyboard in Resources */ = {isa = PBXBuildFile; fileRef = 4F5886172538FA5800FDEB48 /* LaunchScreen.storyboard */; };
		4F58861C2538FA5800FDEB48 /* main.m in Sources */ = {isa = PBXBuildFile; fileRef = 4F58861B2538FA5800FDEB48 /* main.m */; };
		4F588627253A6B1600FDEB48 /* SwiftViewController.m in Sources */ = {isa = PBXBuildFile; fileRef = 4F588626253A6B1600FDEB48 /* SwiftViewController.m */; };
		4FB49ED4254B604100480062 /* GoogleService-Info.plist in Resources */ = {isa = PBXBuildFile; fileRef = 4FB49ED3254B604100480062 /* GoogleService-Info.plist */; };
		E3DD0507F492D9BAF789D93A /* Pods_swift.framework in Frameworks */ = {isa = PBXBuildFile; fileRef = DD9713616BA20920DDF2A4E8 /* Pods_swift.framework */; };
/* End PBXBuildFile section */

/* Begin PBXFileReference section */
		4F30236C253B782D00C9810E /* SignupViewController.h */ = {isa = PBXFileReference; lastKnownFileType = sourcecode.c.h; path = SignupViewController.h; sourceTree = "<group>"; };
		4F30236D253B782D00C9810E /* SignupViewController.m */ = {isa = PBXFileReference; lastKnownFileType = sourcecode.c.objc; path = SignupViewController.m; sourceTree = "<group>"; };
		4F3D64E6253E38D4000AA6D7 /* LoginViewController.h */ = {isa = PBXFileReference; lastKnownFileType = sourcecode.c.h; path = LoginViewController.h; sourceTree = "<group>"; };
		4F3D64E7253E38D4000AA6D7 /* LoginViewController.m */ = {isa = PBXFileReference; lastKnownFileType = sourcecode.c.objc; path = LoginViewController.m; sourceTree = "<group>"; };
		4F5886062538FA5700FDEB48 /* swift.app */ = {isa = PBXFileReference; explicitFileType = wrapper.application; includeInIndex = 0; path = swift.app; sourceTree = BUILT_PRODUCTS_DIR; };
		4F5886092538FA5700FDEB48 /* AppDelegate.h */ = {isa = PBXFileReference; lastKnownFileType = sourcecode.c.h; path = AppDelegate.h; sourceTree = "<group>"; };
		4F58860A2538FA5700FDEB48 /* AppDelegate.m */ = {isa = PBXFileReference; lastKnownFileType = sourcecode.c.objc; path = AppDelegate.m; sourceTree = "<group>"; };
		4F58860C2538FA5700FDEB48 /* SceneDelegate.h */ = {isa = PBXFileReference; lastKnownFileType = sourcecode.c.h; path = SceneDelegate.h; sourceTree = "<group>"; };
		4F58860D2538FA5700FDEB48 /* SceneDelegate.m */ = {isa = PBXFileReference; lastKnownFileType = sourcecode.c.objc; path = SceneDelegate.m; sourceTree = "<group>"; };
		4F58860F2538FA5700FDEB48 /* ViewController.h */ = {isa = PBXFileReference; lastKnownFileType = sourcecode.c.h; path = ViewController.h; sourceTree = "<group>"; };
		4F5886102538FA5700FDEB48 /* ViewController.m */ = {isa = PBXFileReference; lastKnownFileType = sourcecode.c.objc; path = ViewController.m; sourceTree = "<group>"; };
		4F5886132538FA5700FDEB48 /* Base */ = {isa = PBXFileReference; lastKnownFileType = file.storyboard; name = Base; path = Base.lproj/Main.storyboard; sourceTree = "<group>"; };
		4F5886152538FA5800FDEB48 /* Assets.xcassets */ = {isa = PBXFileReference; lastKnownFileType = folder.assetcatalog; path = Assets.xcassets; sourceTree = "<group>"; };
		4F5886182538FA5800FDEB48 /* Base */ = {isa = PBXFileReference; lastKnownFileType = file.storyboard; name = Base; path = Base.lproj/LaunchScreen.storyboard; sourceTree = "<group>"; };
		4F58861A2538FA5800FDEB48 /* Info.plist */ = {isa = PBXFileReference; lastKnownFileType = text.plist.xml; path = Info.plist; sourceTree = "<group>"; };
		4F58861B2538FA5800FDEB48 /* main.m */ = {isa = PBXFileReference; lastKnownFileType = sourcecode.c.objc; path = main.m; sourceTree = "<group>"; };
		4F588625253A6B1600FDEB48 /* SwiftViewController.h */ = {isa = PBXFileReference; lastKnownFileType = sourcecode.c.h; path = SwiftViewController.h; sourceTree = "<group>"; };
		4F588626253A6B1600FDEB48 /* SwiftViewController.m */ = {isa = PBXFileReference; lastKnownFileType = sourcecode.c.objc; path = SwiftViewController.m; sourceTree = "<group>"; };
		4FB49ED3254B604100480062 /* GoogleService-Info.plist */ = {isa = PBXFileReference; fileEncoding = 4; lastKnownFileType = text.plist.xml; path = "GoogleService-Info.plist"; sourceTree = "<group>"; };
		7C90B57A465ECFE9F39EA8CC /* Pods-swift.debug.xcconfig */ = {isa = PBXFileReference; includeInIndex = 1; lastKnownFileType = text.xcconfig; name = "Pods-swift.debug.xcconfig"; path = "Target Support Files/Pods-swift/Pods-swift.debug.xcconfig"; sourceTree = "<group>"; };
		D1036BDA7B15287569BB261D /* Pods-swift.release.xcconfig */ = {isa = PBXFileReference; includeInIndex = 1; lastKnownFileType = text.xcconfig; name = "Pods-swift.release.xcconfig"; path = "Target Support Files/Pods-swift/Pods-swift.release.xcconfig"; sourceTree = "<group>"; };
		DD9713616BA20920DDF2A4E8 /* Pods_swift.framework */ = {isa = PBXFileReference; explicitFileType = wrapper.framework; includeInIndex = 0; path = Pods_swift.framework; sourceTree = BUILT_PRODUCTS_DIR; };
/* End PBXFileReference section */

/* Begin PBXFrameworksBuildPhase section */
		4F5886032538FA5700FDEB48 /* Frameworks */ = {
			isa = PBXFrameworksBuildPhase;
			buildActionMask = 2147483647;
			files = (
				E3DD0507F492D9BAF789D93A /* Pods_swift.framework in Frameworks */,
			);
			runOnlyForDeploymentPostprocessing = 0;
		};
/* End PBXFrameworksBuildPhase section */

/* Begin PBXGroup section */
		1EA9DB656CBA7AD850341AF9 /* Pods */ = {
			isa = PBXGroup;
			children = (
				7C90B57A465ECFE9F39EA8CC /* Pods-swift.debug.xcconfig */,
				D1036BDA7B15287569BB261D /* Pods-swift.release.xcconfig */,
			);
			path = Pods;
			sourceTree = "<group>";
		};
		4F5885FD2538FA5700FDEB48 = {
			isa = PBXGroup;
			children = (
				4F5886082538FA5700FDEB48 /* swift */,
				4F5886072538FA5700FDEB48 /* Products */,
				1EA9DB656CBA7AD850341AF9 /* Pods */,
				91F3F73AB7124F6001B12AAD /* Frameworks */,
			);
			sourceTree = "<group>";
		};
		4F5886072538FA5700FDEB48 /* Products */ = {
			isa = PBXGroup;
			children = (
				4F5886062538FA5700FDEB48 /* swift.app */,
			);
			name = Products;
			sourceTree = "<group>";
		};
		4F5886082538FA5700FDEB48 /* swift */ = {
			isa = PBXGroup;
			children = (
				4FB49ED3254B604100480062 /* GoogleService-Info.plist */,
				4F5886092538FA5700FDEB48 /* AppDelegate.h */,
				4F58860A2538FA5700FDEB48 /* AppDelegate.m */,
				4F58860C2538FA5700FDEB48 /* SceneDelegate.h */,
				4F58860D2538FA5700FDEB48 /* SceneDelegate.m */,
				4F58860F2538FA5700FDEB48 /* ViewController.h */,
				4F5886102538FA5700FDEB48 /* ViewController.m */,
				4F5886122538FA5700FDEB48 /* Main.storyboard */,
				4F588625253A6B1600FDEB48 /* SwiftViewController.h */,
				4F588626253A6B1600FDEB48 /* SwiftViewController.m */,
				4F30236C253B782D00C9810E /* SignupViewController.h */,
				4F30236D253B782D00C9810E /* SignupViewController.m */,
				4F3D64E6253E38D4000AA6D7 /* LoginViewController.h */,
				4F3D64E7253E38D4000AA6D7 /* LoginViewController.m */,
				4F5886152538FA5800FDEB48 /* Assets.xcassets */,
				4F5886172538FA5800FDEB48 /* LaunchScreen.storyboard */,
				4F58861A2538FA5800FDEB48 /* Info.plist */,
				4F58861B2538FA5800FDEB48 /* main.m */,
			);
			path = swift;
			sourceTree = "<group>";
		};
		91F3F73AB7124F6001B12AAD /* Frameworks */ = {
			isa = PBXGroup;
			children = (
				DD9713616BA20920DDF2A4E8 /* Pods_swift.framework */,
			);
			name = Frameworks;
			sourceTree = "<group>";
		};
/* End PBXGroup section */

/* Begin PBXNativeTarget section */
		4F5886052538FA5700FDEB48 /* swift */ = {
			isa = PBXNativeTarget;
			buildConfigurationList = 4F58861F2538FA5800FDEB48 /* Build configuration list for PBXNativeTarget "swift" */;
			buildPhases = (
				F85CE36E98A9307882EACC36 /* [CP] Check Pods Manifest.lock */,
				4F5886022538FA5700FDEB48 /* Sources */,
				4F5886032538FA5700FDEB48 /* Frameworks */,
				4F5886042538FA5700FDEB48 /* Resources */,
				E25689B649920604261EC168 /* [CP] Embed Pods Frameworks */,
			);
			buildRules = (
			);
			dependencies = (
			);
			name = swift;
			productName = swift;
			productReference = 4F5886062538FA5700FDEB48 /* swift.app */;
			productType = "com.apple.product-type.application";
		};
/* End PBXNativeTarget section */

/* Begin PBXProject section */
		4F5885FE2538FA5700FDEB48 /* Project object */ = {
			isa = PBXProject;
			attributes = {
				LastUpgradeCheck = 1130;
				ORGANIZATIONNAME = Jefferson;
				TargetAttributes = {
					4F5886052538FA5700FDEB48 = {
						CreatedOnToolsVersion = 11.3.1;
					};
				};
			};
			buildConfigurationList = 4F5886012538FA5700FDEB48 /* Build configuration list for PBXProject "swift" */;
			compatibilityVersion = "Xcode 9.3";
			developmentRegion = en;
			hasScannedForEncodings = 0;
			knownRegions = (
				en,
				Base,
			);
			mainGroup = 4F5885FD2538FA5700FDEB48;
			productRefGroup = 4F5886072538FA5700FDEB48 /* Products */;
			projectDirPath = "";
			projectRoot = "";
			targets = (
				4F5886052538FA5700FDEB48 /* swift */,
			);
		};
/* End PBXProject section */

/* Begin PBXResourcesBuildPhase section */
		4F5886042538FA5700FDEB48 /* Resources */ = {
			isa = PBXResourcesBuildPhase;
			buildActionMask = 2147483647;
			files = (
				4F5886192538FA5800FDEB48 /* LaunchScreen.storyboard in Resources */,
				4FB49ED4254B604100480062 /* GoogleService-Info.plist in Resources */,
				4F5886162538FA5800FDEB48 /* Assets.xcassets in Resources */,
				4F5886142538FA5700FDEB48 /* Main.storyboard in Resources */,
			);
			runOnlyForDeploymentPostprocessing = 0;
		};
/* End PBXResourcesBuildPhase section */

/* Begin PBXShellScriptBuildPhase section */
		E25689B649920604261EC168 /* [CP] Embed Pods Frameworks */ = {
			isa = PBXShellScriptBuildPhase;
			buildActionMask = 2147483647;
			files = (
			);
			inputFileListPaths = (
				"${PODS_ROOT}/Target Support Files/Pods-swift/Pods-swift-frameworks-${CONFIGURATION}-input-files.xcfilelist",
			);
			name = "[CP] Embed Pods Frameworks";
			outputFileListPaths = (
				"${PODS_ROOT}/Target Support Files/Pods-swift/Pods-swift-frameworks-${CONFIGURATION}-output-files.xcfilelist",
			);
			runOnlyForDeploymentPostprocessing = 0;
			shellPath = /bin/sh;
			shellScript = "\"${PODS_ROOT}/Target Support Files/Pods-swift/Pods-swift-frameworks.sh\"\n";
			showEnvVarsInLog = 0;
		};
		F85CE36E98A9307882EACC36 /* [CP] Check Pods Manifest.lock */ = {
			isa = PBXShellScriptBuildPhase;
			buildActionMask = 2147483647;
			files = (
			);
			inputFileListPaths = (
			);
			inputPaths = (
				"${PODS_PODFILE_DIR_PATH}/Podfile.lock",
				"${PODS_ROOT}/Manifest.lock",
			);
			name = "[CP] Check Pods Manifest.lock";
			outputFileListPaths = (
			);
			outputPaths = (
				"$(DERIVED_FILE_DIR)/Pods-swift-checkManifestLockResult.txt",
			);
			runOnlyForDeploymentPostprocessing = 0;
			shellPath = /bin/sh;
			shellScript = "diff \"${PODS_PODFILE_DIR_PATH}/Podfile.lock\" \"${PODS_ROOT}/Manifest.lock\" > /dev/null\nif [ $? != 0 ] ; then\n    # print error to STDERR\n    echo \"error: The sandbox is not in sync with the Podfile.lock. Run 'pod install' or update your CocoaPods installation.\" >&2\n    exit 1\nfi\n# This output is used by Xcode 'outputs' to avoid re-running this script phase.\necho \"SUCCESS\" > \"${SCRIPT_OUTPUT_FILE_0}\"\n";
			showEnvVarsInLog = 0;
		};
/* End PBXShellScriptBuildPhase section */

/* Begin PBXSourcesBuildPhase section */
		4F5886022538FA5700FDEB48 /* Sources */ = {
			isa = PBXSourcesBuildPhase;
			buildActionMask = 2147483647;
			files = (
				4F3D64E8253E38D4000AA6D7 /* LoginViewController.m in Sources */,
				4F5886112538FA5700FDEB48 /* ViewController.m in Sources */,
				4F58860B2538FA5700FDEB48 /* AppDelegate.m in Sources */,
				4F588627253A6B1600FDEB48 /* SwiftViewController.m in Sources */,
				4F58861C2538FA5800FDEB48 /* main.m in Sources */,
				4F30236E253B782D00C9810E /* SignupViewController.m in Sources */,
				4F58860E2538FA5700FDEB48 /* SceneDelegate.m in Sources */,
			);
			runOnlyForDeploymentPostprocessing = 0;
		};
/* End PBXSourcesBuildPhase section */

/* Begin PBXVariantGroup section */
		4F5886122538FA5700FDEB48 /* Main.storyboard */ = {
			isa = PBXVariantGroup;
			children = (
				4F5886132538FA5700FDEB48 /* Base */,
			);
			name = Main.storyboard;
			sourceTree = "<group>";
		};
		4F5886172538FA5800FDEB48 /* LaunchScreen.storyboard */ = {
			isa = PBXVariantGroup;
			children = (
				4F5886182538FA5800FDEB48 /* Base */,
			);
			name = LaunchScreen.storyboard;
			sourceTree = "<group>";
		};
/* End PBXVariantGroup section */

/* Begin XCBuildConfiguration section */
		4F58861D2538FA5800FDEB48 /* Debug */ = {
			isa = XCBuildConfiguration;
			buildSettings = {
				ALWAYS_SEARCH_USER_PATHS = NO;
				CLANG_ANALYZER_NONNULL = YES;
				CLANG_ANALYZER_NUMBER_OBJECT_CONVERSION = YES_AGGRESSIVE;
				CLANG_CXX_LANGUAGE_STANDARD = "gnu++14";
				CLANG_CXX_LIBRARY = "libc++";
				CLANG_ENABLE_MODULES = YES;
				CLANG_ENABLE_OBJC_ARC = YES;
				CLANG_ENABLE_OBJC_WEAK = YES;
				CLANG_WARN_BLOCK_CAPTURE_AUTORELEASING = YES;
				CLANG_WARN_BOOL_CONVERSION = YES;
				CLANG_WARN_COMMA = YES;
				CLANG_WARN_CONSTANT_CONVERSION = YES;
				CLANG_WARN_DEPRECATED_OBJC_IMPLEMENTATIONS = YES;
				CLANG_WARN_DIRECT_OBJC_ISA_USAGE = YES_ERROR;
				CLANG_WARN_DOCUMENTATION_COMMENTS = YES;
				CLANG_WARN_EMPTY_BODY = YES;
				CLANG_WARN_ENUM_CONVERSION = YES;
				CLANG_WARN_INFINITE_RECURSION = YES;
				CLANG_WARN_INT_CONVERSION = YES;
				CLANG_WARN_NON_LITERAL_NULL_CONVERSION = YES;
				CLANG_WARN_OBJC_IMPLICIT_RETAIN_SELF = YES;
				CLANG_WARN_OBJC_LITERAL_CONVERSION = YES;
				CLANG_WARN_OBJC_ROOT_CLASS = YES_ERROR;
				CLANG_WARN_RANGE_LOOP_ANALYSIS = YES;
				CLANG_WARN_STRICT_PROTOTYPES = YES;
				CLANG_WARN_SUSPICIOUS_MOVE = YES;
				CLANG_WARN_UNGUARDED_AVAILABILITY = YES_AGGRESSIVE;
				CLANG_WARN_UNREACHABLE_CODE = YES;
				CLANG_WARN__DUPLICATE_METHOD_MATCH = YES;
				COPY_PHASE_STRIP = NO;
				DEBUG_INFORMATION_FORMAT = dwarf;
				ENABLE_STRICT_OBJC_MSGSEND = YES;
				ENABLE_TESTABILITY = YES;
				GCC_C_LANGUAGE_STANDARD = gnu11;
				GCC_DYNAMIC_NO_PIC = NO;
				GCC_NO_COMMON_BLOCKS = YES;
				GCC_OPTIMIZATION_LEVEL = 0;
				GCC_PREPROCESSOR_DEFINITIONS = (
					"DEBUG=1",
					"$(inherited)",
				);
				GCC_WARN_64_TO_32_BIT_CONVERSION = YES;
				GCC_WARN_ABOUT_RETURN_TYPE = YES_ERROR;
				GCC_WARN_UNDECLARED_SELECTOR = YES;
				GCC_WARN_UNINITIALIZED_AUTOS = YES_AGGRESSIVE;
				GCC_WARN_UNUSED_FUNCTION = YES;
				GCC_WARN_UNUSED_VARIABLE = YES;
				IPHONEOS_DEPLOYMENT_TARGET = 13.2;
				MTL_ENABLE_DEBUG_INFO = INCLUDE_SOURCE;
				MTL_FAST_MATH = YES;
				ONLY_ACTIVE_ARCH = YES;
				SDKROOT = iphoneos;
			};
			name = Debug;
		};
		4F58861E2538FA5800FDEB48 /* Release */ = {
			isa = XCBuildConfiguration;
			buildSettings = {
				ALWAYS_SEARCH_USER_PATHS = NO;
				CLANG_ANALYZER_NONNULL = YES;
				CLANG_ANALYZER_NUMBER_OBJECT_CONVERSION = YES_AGGRESSIVE;
				CLANG_CXX_LANGUAGE_STANDARD = "gnu++14";
				CLANG_CXX_LIBRARY = "libc++";
				CLANG_ENABLE_MODULES = YES;
				CLANG_ENABLE_OBJC_ARC = YES;
				CLANG_ENABLE_OBJC_WEAK = YES;
				CLANG_WARN_BLOCK_CAPTURE_AUTORELEASING = YES;
				CLANG_WARN_BOOL_CONVERSION = YES;
				CLANG_WARN_COMMA = YES;
				CLANG_WARN_CONSTANT_CONVERSION = YES;
				CLANG_WARN_DEPRECATED_OBJC_IMPLEMENTATIONS = YES;
				CLANG_WARN_DIRECT_OBJC_ISA_USAGE = YES_ERROR;
				CLANG_WARN_DOCUMENTATION_COMMENTS = YES;
				CLANG_WARN_EMPTY_BODY = YES;
				CLANG_WARN_ENUM_CONVERSION = YES;
				CLANG_WARN_INFINITE_RECURSION = YES;
				CLANG_WARN_INT_CONVERSION = YES;
				CLANG_WARN_NON_LITERAL_NULL_CONVERSION = YES;
				CLANG_WARN_OBJC_IMPLICIT_RETAIN_SELF = YES;
				CLANG_WARN_OBJC_LITERAL_CONVERSION = YES;
				CLANG_WARN_OBJC_ROOT_CLASS = YES_ERROR;
				CLANG_WARN_RANGE_LOOP_ANALYSIS = YES;
				CLANG_WARN_STRICT_PROTOTYPES = YES;
				CLANG_WARN_SUSPICIOUS_MOVE = YES;
				CLANG_WARN_UNGUARDED_AVAILABILITY = YES_AGGRESSIVE;
				CLANG_WARN_UNREACHABLE_CODE = YES;
				CLANG_WARN__DUPLICATE_METHOD_MATCH = YES;
				COPY_PHASE_STRIP = NO;
				DEBUG_INFORMATION_FORMAT = "dwarf-with-dsym";
				ENABLE_NS_ASSERTIONS = NO;
				ENABLE_STRICT_OBJC_MSGSEND = YES;
				GCC_C_LANGUAGE_STANDARD = gnu11;
				GCC_NO_COMMON_BLOCKS = YES;
				GCC_WARN_64_TO_32_BIT_CONVERSION = YES;
				GCC_WARN_ABOUT_RETURN_TYPE = YES_ERROR;
				GCC_WARN_UNDECLARED_SELECTOR = YES;
				GCC_WARN_UNINITIALIZED_AUTOS = YES_AGGRESSIVE;
				GCC_WARN_UNUSED_FUNCTION = YES;
				GCC_WARN_UNUSED_VARIABLE = YES;
				IPHONEOS_DEPLOYMENT_TARGET = 13.2;
				MTL_ENABLE_DEBUG_INFO = NO;
				MTL_FAST_MATH = YES;
				SDKROOT = iphoneos;
				VALIDATE_PRODUCT = YES;
			};
			name = Release;
		};
		4F5886202538FA5800FDEB48 /* Debug */ = {
			isa = XCBuildConfiguration;
			baseConfigurationReference = 7C90B57A465ECFE9F39EA8CC /* Pods-swift.debug.xcconfig */;
			buildSettings = {
				ASSETCATALOG_COMPILER_APPICON_NAME = AppIcon;
				CODE_SIGN_STYLE = Automatic;
				DEVELOPMENT_TEAM = L6C3MY2QJF;
				INFOPLIST_FILE = swift/Info.plist;
				LD_RUNPATH_SEARCH_PATHS = (
					"$(inherited)",
					"@executable_path/Frameworks",
				);
				PRODUCT_BUNDLE_IDENTIFIER = Jefferson.swift;
				PRODUCT_NAME = "$(TARGET_NAME)";
				TARGETED_DEVICE_FAMILY = "1,2";
			};
			name = Debug;
		};
		4F5886212538FA5800FDEB48 /* Release */ = {
			isa = XCBuildConfiguration;
			baseConfigurationReference = D1036BDA7B15287569BB261D /* Pods-swift.release.xcconfig */;
			buildSettings = {
				ASSETCATALOG_COMPILER_APPICON_NAME = AppIcon;
				CODE_SIGN_STYLE = Automatic;
				DEVELOPMENT_TEAM = L6C3MY2QJF;
				INFOPLIST_FILE = swift/Info.plist;
				LD_RUNPATH_SEARCH_PATHS = (
					"$(inherited)",
					"@executable_path/Frameworks",
				);
				PRODUCT_BUNDLE_IDENTIFIER = Jefferson.swift;
				PRODUCT_NAME = "$(TARGET_NAME)";
				TARGETED_DEVICE_FAMILY = "1,2";
			};
			name = Release;
		};
/* End XCBuildConfiguration section */

/* Begin XCConfigurationList section */
		4F5886012538FA5700FDEB48 /* Build configuration list for PBXProject "swift" */ = {
			isa = XCConfigurationList;
			buildConfigurations = (
				4F58861D2538FA5800FDEB48 /* Debug */,
				4F58861E2538FA5800FDEB48 /* Release */,
			);
			defaultConfigurationIsVisible = 0;
			defaultConfigurationName = Release;
		};
		4F58861F2538FA5800FDEB48 /* Build configuration list for PBXNativeTarget "swift" */ = {
			isa = XCConfigurationList;
			buildConfigurations = (
				4F5886202538FA5800FDEB48 /* Debug */,
				4F5886212538FA5800FDEB48 /* Release */,
			);
			defaultConfigurationIsVisible = 0;
			defaultConfigurationName = Release;
		};
/* End XCConfigurationList section */
	};
	rootObject = 4F5885FE2538FA5700FDEB48 /* Project object */;
}
